// !$*UTF8*$!
{
	archiveVersion = 1;
	classes = {
	};
	objectVersion = 50;
	objects = {

/* Begin PBXBuildFile section */
		A1E95B2E22F5C90000411847 /* AppDelegate.swift in Sources */ = {isa = PBXBuildFile; fileRef = A1E95B2D22F5C90000411847 /* AppDelegate.swift */; };
		A1E95B3022F5C90000411847 /* ViewController.swift in Sources */ = {isa = PBXBuildFile; fileRef = A1E95B2F22F5C90000411847 /* ViewController.swift */; };
		A1E95B3322F5C90000411847 /* Main.storyboard in Resources */ = {isa = PBXBuildFile; fileRef = A1E95B3122F5C90000411847 /* Main.storyboard */; };
		A1E95B3522F5C90200411847 /* Assets.xcassets in Resources */ = {isa = PBXBuildFile; fileRef = A1E95B3422F5C90200411847 /* Assets.xcassets */; };
		A1E95B3822F5C90200411847 /* LaunchScreen.storyboard in Resources */ = {isa = PBXBuildFile; fileRef = A1E95B3622F5C90200411847 /* LaunchScreen.storyboard */; };
		A1E95B4322F5C90200411847 /* StackTests.swift in Sources */ = {isa = PBXBuildFile; fileRef = A1E95B4222F5C90200411847 /* StackTests.swift */; };
		A1E95B4E22F5C90200411847 /* StackUITests.swift in Sources */ = {isa = PBXBuildFile; fileRef = A1E95B4D22F5C90200411847 /* StackUITests.swift */; };
		A1E95B5C22F5C92600411847 /* Stack.swift in Sources */ = {isa = PBXBuildFile; fileRef = A1E95B5B22F5C92600411847 /* Stack.swift */; };
/* End PBXBuildFile section */

/* Begin PBXContainerItemProxy section */
		A1E95B3F22F5C90200411847 /* PBXContainerItemProxy */ = {
			isa = PBXContainerItemProxy;
			containerPortal = A1E95B2222F5C90000411847 /* Project object */;
			proxyType = 1;
			remoteGlobalIDString = A1E95B2922F5C90000411847;
			remoteInfo = Stack;
		};
		A1E95B4A22F5C90200411847 /* PBXContainerItemProxy */ = {
			isa = PBXContainerItemProxy;
			containerPortal = A1E95B2222F5C90000411847 /* Project object */;
			proxyType = 1;
			remoteGlobalIDString = A1E95B2922F5C90000411847;
			remoteInfo = Stack;
		};
/* End PBXContainerItemProxy section */

/* Begin PBXFileReference section */
		A1E95B2A22F5C90000411847 /* Stack.app */ = {isa = PBXFileReference; explicitFileType = wrapper.application; includeInIndex = 0; path = Stack.app; sourceTree = BUILT_PRODUCTS_DIR; };
		A1E95B2D22F5C90000411847 /* AppDelegate.swift */ = {isa = PBXFileReference; lastKnownFileType = sourcecode.swift; path = AppDelegate.swift; sourceTree = "<group>"; };
		A1E95B2F22F5C90000411847 /* ViewController.swift */ = {isa = PBXFileReference; lastKnownFileType = sourcecode.swift; path = ViewController.swift; sourceTree = "<group>"; };
		A1E95B3222F5C90000411847 /* Base */ = {isa = PBXFileReference; lastKnownFileType = file.storyboard; name = Base; path = Base.lproj/Main.storyboard; sourceTree = "<group>"; };
		A1E95B3422F5C90200411847 /* Assets.xcassets */ = {isa = PBXFileReference; lastKnownFileType = folder.assetcatalog; path = Assets.xcassets; sourceTree = "<group>"; };
		A1E95B3722F5C90200411847 /* Base */ = {isa = PBXFileReference; lastKnownFileType = file.storyboard; name = Base; path = Base.lproj/LaunchScreen.storyboard; sourceTree = "<group>"; };
		A1E95B3922F5C90200411847 /* Info.plist */ = {isa = PBXFileReference; lastKnownFileType = text.plist.xml; path = Info.plist; sourceTree = "<group>"; };
		A1E95B3E22F5C90200411847 /* StackTests.xctest */ = {isa = PBXFileReference; explicitFileType = wrapper.cfbundle; includeInIndex = 0; path = StackTests.xctest; sourceTree = BUILT_PRODUCTS_DIR; };
		A1E95B4222F5C90200411847 /* StackTests.swift */ = {isa = PBXFileReference; lastKnownFileType = sourcecode.swift; path = StackTests.swift; sourceTree = "<group>"; };
		A1E95B4422F5C90200411847 /* Info.plist */ = {isa = PBXFileReference; lastKnownFileType = text.plist.xml; path = Info.plist; sourceTree = "<group>"; };
		A1E95B4922F5C90200411847 /* StackUITests.xctest */ = {isa = PBXFileReference; explicitFileType = wrapper.cfbundle; includeInIndex = 0; path = StackUITests.xctest; sourceTree = BUILT_PRODUCTS_DIR; };
		A1E95B4D22F5C90200411847 /* StackUITests.swift */ = {isa = PBXFileReference; lastKnownFileType = sourcecode.swift; path = StackUITests.swift; sourceTree = "<group>"; };
		A1E95B4F22F5C90200411847 /* Info.plist */ = {isa = PBXFileReference; lastKnownFileType = text.plist.xml; path = Info.plist; sourceTree = "<group>"; };
		A1E95B5B22F5C92600411847 /* Stack.swift */ = {isa = PBXFileReference; lastKnownFileType = sourcecode.swift; path = Stack.swift; sourceTree = "<group>"; };
/* End PBXFileReference section */

/* Begin PBXFrameworksBuildPhase section */
		A1E95B2722F5C90000411847 /* Frameworks */ = {
			isa = PBXFrameworksBuildPhase;
			buildActionMask = 2147483647;
			files = (
			);
			runOnlyForDeploymentPostprocessing = 0;
		};
		A1E95B3B22F5C90200411847 /* Frameworks */ = {
			isa = PBXFrameworksBuildPhase;
			buildActionMask = 2147483647;
			files = (
			);
			runOnlyForDeploymentPostprocessing = 0;
		};
		A1E95B4622F5C90200411847 /* Frameworks */ = {
			isa = PBXFrameworksBuildPhase;
			buildActionMask = 2147483647;
			files = (
			);
			runOnlyForDeploymentPostprocessing = 0;
		};
/* End PBXFrameworksBuildPhase section */

/* Begin PBXGroup section */
		A1E95B2122F5C90000411847 = {
			isa = PBXGroup;
			children = (
				A1E95B2C22F5C90000411847 /* Stack */,
				A1E95B4122F5C90200411847 /* StackTests */,
				A1E95B4C22F5C90200411847 /* StackUITests */,
				A1E95B2B22F5C90000411847 /* Products */,
			);
			sourceTree = "<group>";
		};
		A1E95B2B22F5C90000411847 /* Products */ = {
			isa = PBXGroup;
			children = (
				A1E95B2A22F5C90000411847 /* Stack.app */,
				A1E95B3E22F5C90200411847 /* StackTests.xctest */,
				A1E95B4922F5C90200411847 /* StackUITests.xctest */,
			);
			name = Products;
			sourceTree = "<group>";
		};
		A1E95B2C22F5C90000411847 /* Stack */ = {
			isa = PBXGroup;
			children = (
				A1E95B2D22F5C90000411847 /* AppDelegate.swift */,
				A1E95B2F22F5C90000411847 /* ViewController.swift */,
				A1E95B3122F5C90000411847 /* Main.storyboard */,
				A1E95B3422F5C90200411847 /* Assets.xcassets */,
				A1E95B3622F5C90200411847 /* LaunchScreen.storyboard */,
				A1E95B3922F5C90200411847 /* Info.plist */,
				A1E95B5B22F5C92600411847 /* Stack.swift */,
			);
			path = Stack;
			sourceTree = "<group>";
		};
		A1E95B4122F5C90200411847 /* StackTests */ = {
			isa = PBXGroup;
			children = (
				A1E95B4222F5C90200411847 /* StackTests.swift */,
				A1E95B4422F5C90200411847 /* Info.plist */,
			);
			path = StackTests;
			sourceTree = "<group>";
		};
		A1E95B4C22F5C90200411847 /* StackUITests */ = {
			isa = PBXGroup;
			children = (
				A1E95B4D22F5C90200411847 /* StackUITests.swift */,
				A1E95B4F22F5C90200411847 /* Info.plist */,
			);
			path = StackUITests;
			sourceTree = "<group>";
		};
/* End PBXGroup section */

/* Begin PBXNativeTarget section */
		A1E95B2922F5C90000411847 /* Stack */ = {
			isa = PBXNativeTarget;
			buildConfigurationList = A1E95B5222F5C90200411847 /* Build configuration list for PBXNativeTarget "Stack" */;
			buildPhases = (
				A1E95B2622F5C90000411847 /* Sources */,
				A1E95B2722F5C90000411847 /* Frameworks */,
				A1E95B2822F5C90000411847 /* Resources */,
			);
			buildRules = (
			);
			dependencies = (
			);
			name = Stack;
			productName = Stack;
			productReference = A1E95B2A22F5C90000411847 /* Stack.app */;
			productType = "com.apple.product-type.application";
		};
		A1E95B3D22F5C90200411847 /* StackTests */ = {
			isa = PBXNativeTarget;
			buildConfigurationList = A1E95B5522F5C90200411847 /* Build configuration list for PBXNativeTarget "StackTests" */;
			buildPhases = (
				A1E95B3A22F5C90200411847 /* Sources */,
				A1E95B3B22F5C90200411847 /* Frameworks */,
				A1E95B3C22F5C90200411847 /* Resources */,
			);
			buildRules = (
			);
			dependencies = (
				A1E95B4022F5C90200411847 /* PBXTargetDependency */,
			);
			name = StackTests;
			productName = StackTests;
			productReference = A1E95B3E22F5C90200411847 /* StackTests.xctest */;
			productType = "com.apple.product-type.bundle.unit-test";
		};
		A1E95B4822F5C90200411847 /* StackUITests */ = {
			isa = PBXNativeTarget;
			buildConfigurationList = A1E95B5822F5C90200411847 /* Build configuration list for PBXNativeTarget "StackUITests" */;
			buildPhases = (
				A1E95B4522F5C90200411847 /* Sources */,
				A1E95B4622F5C90200411847 /* Frameworks */,
				A1E95B4722F5C90200411847 /* Resources */,
			);
			buildRules = (
			);
			dependencies = (
				A1E95B4B22F5C90200411847 /* PBXTargetDependency */,
			);
			name = StackUITests;
			productName = StackUITests;
			productReference = A1E95B4922F5C90200411847 /* StackUITests.xctest */;
			productType = "com.apple.product-type.bundle.ui-testing";
		};
/* End PBXNativeTarget section */

/* Begin PBXProject section */
		A1E95B2222F5C90000411847 /* Project object */ = {
			isa = PBXProject;
			attributes = {
				LastSwiftUpdateCheck = 1020;
				LastUpgradeCheck = 1020;
				ORGANIZATIONNAME = Myron;
				TargetAttributes = {
					A1E95B2922F5C90000411847 = {
						CreatedOnToolsVersion = 10.2.1;
					};
					A1E95B3D22F5C90200411847 = {
						CreatedOnToolsVersion = 10.2.1;
						TestTargetID = A1E95B2922F5C90000411847;
					};
					A1E95B4822F5C90200411847 = {
						CreatedOnToolsVersion = 10.2.1;
						TestTargetID = A1E95B2922F5C90000411847;
					};
				};
			};
			buildConfigurationList = A1E95B2522F5C90000411847 /* Build configuration list for PBXProject "Stack" */;
			compatibilityVersion = "Xcode 9.3";
			developmentRegion = en;
			hasScannedForEncodings = 0;
			knownRegions = (
				en,
				Base,
			);
			mainGroup = A1E95B2122F5C90000411847;
			productRefGroup = A1E95B2B22F5C90000411847 /* Products */;
			projectDirPath = "";
			projectRoot = "";
			targets = (
				A1E95B2922F5C90000411847 /* Stack */,
				A1E95B3D22F5C90200411847 /* StackTests */,
				A1E95B4822F5C90200411847 /* StackUITests */,
			);
		};
/* End PBXProject section */

/* Begin PBXResourcesBuildPhase section */
		A1E95B2822F5C90000411847 /* Resources */ = {
			isa = PBXResourcesBuildPhase;
			buildActionMask = 2147483647;
			files = (
				A1E95B3822F5C90200411847 /* LaunchScreen.storyboard in Resources */,
				A1E95B3522F5C90200411847 /* Assets.xcassets in Resources */,
				A1E95B3322F5C90000411847 /* Main.storyboard in Resources */,
			);
			runOnlyForDeploymentPostprocessing = 0;
		};
		A1E95B3C22F5C90200411847 /* Resources */ = {
			isa = PBXResourcesBuildPhase;
			buildActionMask = 2147483647;
			files = (
			);
			runOnlyForDeploymentPostprocessing = 0;
		};
		A1E95B4722F5C90200411847 /* Resources */ = {
			isa = PBXResourcesBuildPhase;
			buildActionMask = 2147483647;
			files = (
			);
			runOnlyForDeploymentPostprocessing = 0;
		};
/* End PBXResourcesBuildPhase section */

/* Begin PBXSourcesBuildPhase section */
		A1E95B2622F5C90000411847 /* Sources */ = {
			isa = PBXSourcesBuildPhase;
			buildActionMask = 2147483647;
			files = (
				A1E95B3022F5C90000411847 /* ViewController.swift in Sources */,
				A1E95B5C22F5C92600411847 /* Stack.swift in Sources */,
				A1E95B2E22F5C90000411847 /* AppDelegate.swift in Sources */,
			);
			runOnlyForDeploymentPostprocessing = 0;
		};
		A1E95B3A22F5C90200411847 /* Sources */ = {
			isa = PBXSourcesBuildPhase;
			buildActionMask = 2147483647;
			files = (
				A1E95B4322F5C90200411847 /* StackTests.swift in Sources */,
			);
			runOnlyForDeploymentPostprocessing = 0;
		};
		A1E95B4522F5C90200411847 /* Sources */ = {
			isa = PBXSourcesBuildPhase;
			buildActionMask = 2147483647;
			files = (
				A1E95B4E22F5C90200411847 /* StackUITests.swift in Sources */,
			);
			runOnlyForDeploymentPostprocessing = 0;
		};
/* End PBXSourcesBuildPhase section */

/* Begin PBXTargetDependency section */
		A1E95B4022F5C90200411847 /* PBXTargetDependency */ = {
			isa = PBXTargetDependency;
			target = A1E95B2922F5C90000411847 /* Stack */;
			targetProxy = A1E95B3F22F5C90200411847 /* PBXContainerItemProxy */;
		};
		A1E95B4B22F5C90200411847 /* PBXTargetDependency */ = {
			isa = PBXTargetDependency;
			target = A1E95B2922F5C90000411847 /* Stack */;
			targetProxy = A1E95B4A22F5C90200411847 /* PBXContainerItemProxy */;
		};
/* End PBXTargetDependency section */

/* Begin PBXVariantGroup section */
		A1E95B3122F5C90000411847 /* Main.storyboard */ = {
			isa = PBXVariantGroup;
			children = (
				A1E95B3222F5C90000411847 /* Base */,
			);
			name = Main.storyboard;
			sourceTree = "<group>";
		};
		A1E95B3622F5C90200411847 /* LaunchScreen.storyboard */ = {
			isa = PBXVariantGroup;
			children = (
				A1E95B3722F5C90200411847 /* Base */,
			);
			name = LaunchScreen.storyboard;
			sourceTree = "<group>";
		};
/* End PBXVariantGroup section */

/* Begin XCBuildConfiguration section */
		A1E95B5022F5C90200411847 /* Debug */ = {
			isa = XCBuildConfiguration;
			buildSettings = {
				ALWAYS_SEARCH_USER_PATHS = NO;
				CLANG_ANALYZER_NONNULL = YES;
				CLANG_ANALYZER_NUMBER_OBJECT_CONVERSION = YES_AGGRESSIVE;
				CLANG_CXX_LANGUAGE_STANDARD = "gnu++14";
				CLANG_CXX_LIBRARY = "libc++";
				CLANG_ENABLE_MODULES = YES;
				CLANG_ENABLE_OBJC_ARC = YES;
				CLANG_ENABLE_OBJC_WEAK = YES;
				CLANG_WARN_BLOCK_CAPTURE_AUTORELEASING = YES;
				CLANG_WARN_BOOL_CONVERSION = YES;
				CLANG_WARN_COMMA = YES;
				CLANG_WARN_CONSTANT_CONVERSION = YES;
				CLANG_WARN_DEPRECATED_OBJC_IMPLEMENTATIONS = YES;
				CLANG_WARN_DIRECT_OBJC_ISA_USAGE = YES_ERROR;
				CLANG_WARN_DOCUMENTATION_COMMENTS = YES;
				CLANG_WARN_EMPTY_BODY = YES;
				CLANG_WARN_ENUM_CONVERSION = YES;
				CLANG_WARN_INFINITE_RECURSION = YES;
				CLANG_WARN_INT_CONVERSION = YES;
				CLANG_WARN_NON_LITERAL_NULL_CONVERSION = YES;
				CLANG_WARN_OBJC_IMPLICIT_RETAIN_SELF = YES;
				CLANG_WARN_OBJC_LITERAL_CONVERSION = YES;
				CLANG_WARN_OBJC_ROOT_CLASS = YES_ERROR;
				CLANG_WARN_RANGE_LOOP_ANALYSIS = YES;
				CLANG_WARN_STRICT_PROTOTYPES = YES;
				CLANG_WARN_SUSPICIOUS_MOVE = YES;
				CLANG_WARN_UNGUARDED_AVAILABILITY = YES_AGGRESSIVE;
				CLANG_WARN_UNREACHABLE_CODE = YES;
				CLANG_WARN__DUPLICATE_METHOD_MATCH = YES;
				CODE_SIGN_IDENTITY = "iPhone Developer";
				COPY_PHASE_STRIP = NO;
				DEBUG_INFORMATION_FORMAT = dwarf;
				ENABLE_STRICT_OBJC_MSGSEND = YES;
				ENABLE_TESTABILITY = YES;
				GCC_C_LANGUAGE_STANDARD = gnu11;
				GCC_DYNAMIC_NO_PIC = NO;
				GCC_NO_COMMON_BLOCKS = YES;
				GCC_OPTIMIZATION_LEVEL = 0;
				GCC_PREPROCESSOR_DEFINITIONS = (
					"DEBUG=1",
					"$(inherited)",
				);
				GCC_WARN_64_TO_32_BIT_CONVERSION = YES;
				GCC_WARN_ABOUT_RETURN_TYPE = YES_ERROR;
				GCC_WARN_UNDECLARED_SELECTOR = YES;
				GCC_WARN_UNINITIALIZED_AUTOS = YES_AGGRESSIVE;
				GCC_WARN_UNUSED_FUNCTION = YES;
				GCC_WARN_UNUSED_VARIABLE = YES;
				IPHONEOS_DEPLOYMENT_TARGET = 12.2;
				MTL_ENABLE_DEBUG_INFO = INCLUDE_SOURCE;
				MTL_FAST_MATH = YES;
				ONLY_ACTIVE_ARCH = YES;
				SDKROOT = iphoneos;
				SWIFT_ACTIVE_COMPILATION_CONDITIONS = DEBUG;
				SWIFT_OPTIMIZATION_LEVEL = "-Onone";
			};
			name = Debug;
		};
		A1E95B5122F5C90200411847 /* Release */ = {
			isa = XCBuildConfiguration;
			buildSettings = {
				ALWAYS_SEARCH_USER_PATHS = NO;
				CLANG_ANALYZER_NONNULL = YES;
				CLANG_ANALYZER_NUMBER_OBJECT_CONVERSION = YES_AGGRESSIVE;
				CLANG_CXX_LANGUAGE_STANDARD = "gnu++14";
				CLANG_CXX_LIBRARY = "libc++";
				CLANG_ENABLE_MODULES = YES;
				CLANG_ENABLE_OBJC_ARC = YES;
				CLANG_ENABLE_OBJC_WEAK = YES;
				CLANG_WARN_BLOCK_CAPTURE_AUTORELEASING = YES;
				CLANG_WARN_BOOL_CONVERSION = YES;
				CLANG_WARN_COMMA = YES;
				CLANG_WARN_CONSTANT_CONVERSION = YES;
				CLANG_WARN_DEPRECATED_OBJC_IMPLEMENTATIONS = YES;
				CLANG_WARN_DIRECT_OBJC_ISA_USAGE = YES_ERROR;
				CLANG_WARN_DOCUMENTATION_COMMENTS = YES;
				CLANG_WARN_EMPTY_BODY = YES;
				CLANG_WARN_ENUM_CONVERSION = YES;
				CLANG_WARN_INFINITE_RECURSION = YES;
				CLANG_WARN_INT_CONVERSION = YES;
				CLANG_WARN_NON_LITERAL_NULL_CONVERSION = YES;
				CLANG_WARN_OBJC_IMPLICIT_RETAIN_SELF = YES;
				CLANG_WARN_OBJC_LITERAL_CONVERSION = YES;
				CLANG_WARN_OBJC_ROOT_CLASS = YES_ERROR;
				CLANG_WARN_RANGE_LOOP_ANALYSIS = YES;
				CLANG_WARN_STRICT_PROTOTYPES = YES;
				CLANG_WARN_SUSPICIOUS_MOVE = YES;
				CLANG_WARN_UNGUARDED_AVAILABILITY = YES_AGGRESSIVE;
				CLANG_WARN_UNREACHABLE_CODE = YES;
				CLANG_WARN__DUPLICATE_METHOD_MATCH = YES;
				CODE_SIGN_IDENTITY = "iPhone Developer";
				COPY_PHASE_STRIP = NO;
				DEBUG_INFORMATION_FORMAT = "dwarf-with-dsym";
				ENABLE_NS_ASSERTIONS = NO;
				ENABLE_STRICT_OBJC_MSGSEND = YES;
				GCC_C_LANGUAGE_STANDARD = gnu11;
				GCC_NO_COMMON_BLOCKS = YES;
				GCC_WARN_64_TO_32_BIT_CONVERSION = YES;
				GCC_WARN_ABOUT_RETURN_TYPE = YES_ERROR;
				GCC_WARN_UNDECLARED_SELECTOR = YES;
				GCC_WARN_UNINITIALIZED_AUTOS = YES_AGGRESSIVE;
				GCC_WARN_UNUSED_FUNCTION = YES;
				GCC_WARN_UNUSED_VARIABLE = YES;
				IPHONEOS_DEPLOYMENT_TARGET = 12.2;
				MTL_ENABLE_DEBUG_INFO = NO;
				MTL_FAST_MATH = YES;
				SDKROOT = iphoneos;
				SWIFT_COMPILATION_MODE = wholemodule;
				SWIFT_OPTIMIZATION_LEVEL = "-O";
				VALIDATE_PRODUCT = YES;
			};
			name = Release;
		};
		A1E95B5322F5C90200411847 /* Debug */ = {
			isa = XCBuildConfiguration;
			buildSettings = {
				ASSETCATALOG_COMPILER_APPICON_NAME = AppIcon;
				CODE_SIGN_STYLE = Automatic;
				DEVELOPMENT_TEAM = KGB4YH8FC6;
				INFOPLIST_FILE = Stack/Info.plist;
				LD_RUNPATH_SEARCH_PATHS = (
					"$(inherited)",
					"@executable_path/Frameworks",
				);
				PRODUCT_BUNDLE_IDENTIFIER = com.myron.Stack;
				PRODUCT_NAME = "$(TARGET_NAME)";
				SWIFT_VERSION = 5.0;
				TARGETED_DEVICE_FAMILY = "1,2";
			};
			name = Debug;
		};
		A1E95B5422F5C90200411847 /* Release */ = {
			isa = XCBuildConfiguration;
			buildSettings = {
				ASSETCATALOG_COMPILER_APPICON_NAME = AppIcon;
				CODE_SIGN_STYLE = Automatic;
				DEVELOPMENT_TEAM = KGB4YH8FC6;
				INFOPLIST_FILE = Stack/Info.plist;
				LD_RUNPATH_SEARCH_PATHS = (
					"$(inherited)",
					"@executable_path/Frameworks",
				);
				PRODUCT_BUNDLE_IDENTIFIER = com.myron.Stack;
				PRODUCT_NAME = "$(TARGET_NAME)";
				SWIFT_VERSION = 5.0;
				TARGETED_DEVICE_FAMILY = "1,2";
			};
			name = Release;
		};
		A1E95B5622F5C90200411847 /* Debug */ = {
			isa = XCBuildConfiguration;
			buildSettings = {
				ALWAYS_EMBED_SWIFT_STANDARD_LIBRARIES = YES;
				BUNDLE_LOADER = "$(TEST_HOST)";
				CODE_SIGN_STYLE = Automatic;
				DEVELOPMENT_TEAM = KGB4YH8FC6;
				INFOPLIST_FILE = StackTests/Info.plist;
				LD_RUNPATH_SEARCH_PATHS = (
					"$(inherited)",
					"@executable_path/Frameworks",
					"@loader_path/Frameworks",
				);
				PRODUCT_BUNDLE_IDENTIFIER = com.myron.StackTests;
				PRODUCT_NAME = "$(TARGET_NAME)";
				SWIFT_VERSION = 5.0;
				TARGETED_DEVICE_FAMILY = "1,2";
				TEST_HOST = "$(BUILT_PRODUCTS_DIR)/Stack.app/Stack";
			};
			name = Debug;
		};
		A1E95B5722F5C90200411847 /* Release */ = {
			isa = XCBuildConfiguration;
			buildSettings = {
				ALWAYS_EMBED_SWIFT_STANDARD_LIBRARIES = YES;
				BUNDLE_LOADER = "$(TEST_HOST)";
				CODE_SIGN_STYLE = Automatic;
				DEVELOPMENT_TEAM = KGB4YH8FC6;
				INFOPLIST_FILE = StackTests/Info.plist;
				LD_RUNPATH_SEARCH_PATHS = (
					"$(inherited)",
					"@executable_path/Frameworks",
					"@loader_path/Frameworks",
				);
				PRODUCT_BUNDLE_IDENTIFIER = com.myron.StackTests;
				PRODUCT_NAME = "$(TARGET_NAME)";
				SWIFT_VERSION = 5.0;
				TARGETED_DEVICE_FAMILY = "1,2";
				TEST_HOST = "$(BUILT_PRODUCTS_DIR)/Stack.app/Stack";
			};
			name = Release;
		};
		A1E95B5922F5C90200411847 /* Debug */ = {
			isa = XCBuildConfiguration;
			buildSettings = {
				ALWAYS_EMBED_SWIFT_STANDARD_LIBRARIES = YES;
				CODE_SIGN_STYLE = Automatic;
				DEVELOPMENT_TEAM = KGB4YH8FC6;
				INFOPLIST_FILE = StackUITests/Info.plist;
				LD_RUNPATH_SEARCH_PATHS = (
					"$(inherited)",
					"@executable_path/Frameworks",
					"@loader_path/Frameworks",
				);
				PRODUCT_BUNDLE_IDENTIFIER = com.myron.StackUITests;
				PRODUCT_NAME = "$(TARGET_NAME)";
				SWIFT_VERSION = 5.0;
				TARGETED_DEVICE_FAMILY = "1,2";
				TEST_TARGET_NAME = Stack;
			};
			name = Debug;
		};
		A1E95B5A22F5C90200411847 /* Release */ = {
			isa = XCBuildConfiguration;
			buildSettings = {
				ALWAYS_EMBED_SWIFT_STANDARD_LIBRARIES = YES;
				CODE_SIGN_STYLE = Automatic;
				DEVELOPMENT_TEAM = KGB4YH8FC6;
				INFOPLIST_FILE = StackUITests/Info.plist;
				LD_RUNPATH_SEARCH_PATHS = (
					"$(inherited)",
					"@executable_path/Frameworks",
					"@loader_path/Frameworks",
				);
				PRODUCT_BUNDLE_IDENTIFIER = com.myron.StackUITests;
				PRODUCT_NAME = "$(TARGET_NAME)";
				SWIFT_VERSION = 5.0;
				TARGETED_DEVICE_FAMILY = "1,2";
				TEST_TARGET_NAME = Stack;
			};
			name = Release;
		};
/* End XCBuildConfiguration section */

/* Begin XCConfigurationList section */
		A1E95B2522F5C90000411847 /* Build configuration list for PBXProject "Stack" */ = {
			isa = XCConfigurationList;
			buildConfigurations = (
				A1E95B5022F5C90200411847 /* Debug */,
				A1E95B5122F5C90200411847 /* Release */,
			);
			defaultConfigurationIsVisible = 0;
			defaultConfigurationName = Release;
		};
		A1E95B5222F5C90200411847 /* Build configuration list for PBXNativeTarget "Stack" */ = {
			isa = XCConfigurationList;
			buildConfigurations = (
				A1E95B5322F5C90200411847 /* Debug */,
				A1E95B5422F5C90200411847 /* Release */,
			);
			defaultConfigurationIsVisible = 0;
			defaultConfigurationName = Release;
		};
		A1E95B5522F5C90200411847 /* Build configuration list for PBXNativeTarget "StackTests" */ = {
			isa = XCConfigurationList;
			buildConfigurations = (
				A1E95B5622F5C90200411847 /* Debug */,
				A1E95B5722F5C90200411847 /* Release */,
			);
			defaultConfigurationIsVisible = 0;
			defaultConfigurationName = Release;
		};
		A1E95B5822F5C90200411847 /* Build configuration list for PBXNativeTarget "StackUITests" */ = {
			isa = XCConfigurationList;
			buildConfigurations = (
				A1E95B5922F5C90200411847 /* Debug */,
				A1E95B5A22F5C90200411847 /* Release */,
			);
			defaultConfigurationIsVisible = 0;
			defaultConfigurationName = Release;
		};
/* End XCConfigurationList section */
	};
	rootObject = A1E95B2222F5C90000411847 /* Project object */;
}
